	<Project xmlns="http://schemas.microsoft.com/developer/msbuild/2003">
		<PropertyGroup>
			<ProjectGuid>{06D858D4-9684-46E2-A478-066B3FE04AD5}</ProjectGuid>
			<ProjectVersion>12.0</ProjectVersion>
			<MainSource>ProjetoTcc.dpr</MainSource>
			<Config Condition="'$(Config)'==''">Debug</Config>
			<DCC_DCCCompiler>DCC32</DCC_DCCCompiler>
		</PropertyGroup>
		<PropertyGroup Condition="'$(Config)'=='Base' or '$(Base)'!=''">
			<Base>true</Base>
		</PropertyGroup>
		<PropertyGroup Condition="'$(Config)'=='Release' or '$(Cfg_1)'!=''">
			<Cfg_1>true</Cfg_1>
			<CfgParent>Base</CfgParent>
			<Base>true</Base>
		</PropertyGroup>
		<PropertyGroup Condition="'$(Config)'=='Debug' or '$(Cfg_2)'!=''">
			<Cfg_2>true</Cfg_2>
			<CfgParent>Base</CfgParent>
			<Base>true</Base>
		</PropertyGroup>
		<PropertyGroup Condition="'$(Base)'!=''">
			<DCC_DependencyCheckOutputName>ProjetoTcc.exe</DCC_DependencyCheckOutputName>
			<DCC_ImageBase>00400000</DCC_ImageBase>
			<DCC_UnitAlias>WinTypes=Windows;WinProcs=Windows;DbiTypes=BDE;DbiProcs=BDE;DbiErrs=BDE;$(DCC_UnitAlias)</DCC_UnitAlias>
			<DCC_Platform>x86</DCC_Platform>
			<DCC_E>false</DCC_E>
			<DCC_N>false</DCC_N>
			<DCC_S>false</DCC_S>
			<DCC_F>false</DCC_F>
			<DCC_K>false</DCC_K>
		</PropertyGroup>
		<PropertyGroup Condition="'$(Cfg_1)'!=''">
			<DCC_LocalDebugSymbols>false</DCC_LocalDebugSymbols>
			<DCC_Define>RELEASE;$(DCC_Define)</DCC_Define>
			<DCC_SymbolReferenceInfo>0</DCC_SymbolReferenceInfo>
			<DCC_DebugInformation>false</DCC_DebugInformation>
		</PropertyGroup>
		<PropertyGroup Condition="'$(Cfg_2)'!=''">
			<DCC_Define>DEBUG;$(DCC_Define)</DCC_Define>
		</PropertyGroup>
		<ItemGroup>
			<DelphiCompile Include="ProjetoTcc.dpr">
				<MainSource>MainSource</MainSource>
			</DelphiCompile>
			<DCCReference Include="View\TelaPrincipal.pas">
				<Form>fmTelaPrincipal</Form>
			</DCCReference>
			<DCCReference Include="View\TelaLogin.pas">
				<Form>fmTelaLogin</Form>
			</DCCReference>
			<DCCReference Include="View\Vendedor\TelaAgendamento.pas">
				<Form>fmTelaAgenda</Form>
			</DCCReference>
			<DCCReference Include="View\Vendedor\TelaOrcamento.pas">
				<Form>fmTelaOrcamento</Form>
			</DCCReference>
			<DCCReference Include="View\Vendedor\TelaRelatorioVendasV.pas">
				<Form>fmTelaRelatorioVendasV</Form>
			</DCCReference>
			<DCCReference Include="View\Gerente\TelaRelatorioVendasG.pas">
				<Form>fmTelaRelatorioVendasG</Form>
			</DCCReference>
			<DCCReference Include="View\Vendedor\TelaCliente.pas">
				<Form>fmTelaCliente</Form>
			</DCCReference>
			<DCCReference Include="View\Vendedor\TelaBuscarCliente.pas">
				<Form>fmTelaBuscarCliente</Form>
			</DCCReference>
			<DCCReference Include="View\Almoxarife\TelaMaterial.pas">
				<Form>fmTelaMaterial</Form>
			</DCCReference>
			<DCCReference Include="View\Almoxarife\TelaRelatorioMaterial.pas">
				<Form>fmTelaRelatorioMaterial</Form>
			</DCCReference>
			<DCCReference Include="View\Almoxarife\TelaOrdemEntradaMaterial.pas">
				<Form>fmTelaOrdemEntradaMaterial</Form>
			</DCCReference>
			<DCCReference Include="View\Almoxarife\TelaOrdemSaidaMaterial.pas">
				<Form>fmTelaOrdemSaidaMaterial</Form>
			</DCCReference>
			<DCCReference Include="View\Gerente\TelaExportMaterial.pas">
				<Form>fmTelaExpotMaterial</Form>
			</DCCReference>
			<DCCReference Include="View\Gerente\TelaServico.pas">
				<Form>fmTelaServico</Form>
			</DCCReference>
			<DCCReference Include="View\Gerente\TelaFuncionario.pas">
				<Form>fmTelaFuncionario</Form>
			</DCCReference>
			<DCCReference Include="View\Gerente\TelaFornecedor.pas">
				<Form>fmTelaFornecedor</Form>
			</DCCReference>
			<DCCReference Include="connection\DMConexao.pas">
				<Form>DM_dados1</Form>
				<DesignClass>TDataModule</DesignClass>
			</DCCReference>
			<DCCReference Include="View\Gerente\TelaBuscarFornecedor.pas">
				<Form>fmTelaBuscarFornecedor</Form>
			</DCCReference>
			<DCCReference Include="View\Gerente\TelaBuscarFuncionario.pas">
				<Form>fmTelaBuscarFuncionario</Form>
			</DCCReference>
			<DCCReference Include="View\TelaCor.pas">
				<Form>fmTelaCor</Form>
			</DCCReference>
			<DCCReference Include="View\Almoxarife\TelaBuscarMaterial.pas">
				<Form>fmTelaBuscarMaterial</Form>
			</DCCReference>
			<DCCReference Include="View\Gerente\TelaBuscarServico.pas">
				<Form>fmTelaBuscarServico</Form>
			</DCCReference>
			<DCCReference Include="View\Vendedor\TelaEscolhaRelatorioCliente.pas">
				<Form>fmTelaEscolhaRelatorioCliente</Form>
			</DCCReference>
			<DCCReference Include="View\Gerente\TelaEscolhaRelatorioFuncionario.pas">
				<Form>fmTelaEscolhaRelatorioFuncionario</Form>
			</DCCReference>
			<DCCReference Include="View\Almoxarife\TelaBuscarEntrada.pas">
				<Form>fmTelaBuscarEntrada</Form>
			</DCCReference>
			<DCCReference Include="View\Almoxarife\TelaBuscarSaida.pas">
				<Form>fmTelaBuscarSaida</Form>
			</DCCReference>
			<DCCReference Include="View\Gerente\TelaEscolhaRelatorioFornecedor.pas">
				<Form>fmTelaEscolhaRelatorioFornecedor</Form>
			</DCCReference>
			<DCCReference Include="View\Almoxarife\TelaConsultaServico.pas">
				<Form>fmTelaConsultaServico</Form>
			</DCCReference>
			<DCCReference Include="View\Almoxarife\TelaEstoqueMaterial.pas">
				<Form>fmTelaEstoqueMaterial</Form>
			</DCCReference>
			<DCCReference Include="View\TelaSobre.pas">
				<Form>fmTelaSobre</Form>
			</DCCReference>
			<BuildConfiguration Include="Base">
				<Key>Base</Key>
			</BuildConfiguration>
			<BuildConfiguration Include="Debug">
				<Key>Cfg_2</Key>
				<CfgParent>Base</CfgParent>
			</BuildConfiguration>
			<BuildConfiguration Include="Release">
				<Key>Cfg_1</Key>
				<CfgParent>Base</CfgParent>
			</BuildConfiguration>
		</ItemGroup>
		<Import Project="$(BDS)\Bin\CodeGear.Delphi.Targets" Condition="Exists('$(BDS)\Bin\CodeGear.Delphi.Targets')"/>
		<ProjectExtensions>
			<Borland.Personality>Delphi.Personality.12</Borland.Personality>
			<Borland.ProjectType/>
			<BorlandProject>
				<Delphi.Personality>
					<Source>
						<Source Name="MainSource">ProjetoTcc.dpr</Source>
					</Source>
					<Parameters>
						<Parameters Name="UseLauncher">False</Parameters>
						<Parameters Name="LoadAllSymbols">True</Parameters>
						<Parameters Name="LoadUnspecifiedSymbols">False</Parameters>
					</Parameters>
					<VersionInfo>
						<VersionInfo Name="IncludeVerInfo">False</VersionInfo>
						<VersionInfo Name="AutoIncBuild">False</VersionInfo>
						<VersionInfo Name="MajorVer">1</VersionInfo>
						<VersionInfo Name="MinorVer">0</VersionInfo>
						<VersionInfo Name="Release">0</VersionInfo>
						<VersionInfo Name="Build">0</VersionInfo>
						<VersionInfo Name="Debug">False</VersionInfo>
						<VersionInfo Name="PreRelease">False</VersionInfo>
						<VersionInfo Name="Special">False</VersionInfo>
						<VersionInfo Name="Private">False</VersionInfo>
						<VersionInfo Name="DLL">False</VersionInfo>
						<VersionInfo Name="Locale">1046</VersionInfo>
						<VersionInfo Name="CodePage">1252</VersionInfo>
					</VersionInfo>
					<VersionInfoKeys>
						<VersionInfoKeys Name="CompanyName"/>
						<VersionInfoKeys Name="FileDescription"/>
						<VersionInfoKeys Name="FileVersion">1.0.0.0</VersionInfoKeys>
						<VersionInfoKeys Name="InternalName"/>
						<VersionInfoKeys Name="LegalCopyright"/>
						<VersionInfoKeys Name="LegalTrademarks"/>
						<VersionInfoKeys Name="OriginalFilename"/>
						<VersionInfoKeys Name="ProductName"/>
						<VersionInfoKeys Name="ProductVersion">1.0.0.0</VersionInfoKeys>
						<VersionInfoKeys Name="Comments"/>
					</VersionInfoKeys>
				</Delphi.Personality>
				<ModelSupport>False</ModelSupport>
			</BorlandProject>
			<ProjectFileVersion>12</ProjectFileVersion>
		</ProjectExtensions>
	</Project>
